<?xml version="1.0" encoding="utf-8"?>
<Project ToolsVersion="4.0" xmlns="http://schemas.microsoft.com/developer/msbuild/2003">
  <ItemGroup>
    <Filter Include="Source Files">
      <UniqueIdentifier>{4FC737F1-C7A5-4376-A066-2A32D752A2FF}</UniqueIdentifier>
      <Extensions>cpp;c;cc;cxx;c++;cppm;ixx;def;odl;idl;hpj;bat;asm;asmx</Extensions>
    </Filter>
    <Filter Include="Header Files">
      <UniqueIdentifier>{93995380-89BD-4b04-88EB-625FBE52EBFB}</UniqueIdentifier>
      <Extensions>h;hh;hpp;hxx;h++;hm;inl;inc;ipp;xsd</Extensions>
    </Filter>
    <Filter Include="Resource Files">
      <UniqueIdentifier>{67DA6AB6-F800-4c08-8B7A-83BB121AAD01}</UniqueIdentifier>
      <Extensions>rc;ico;cur;bmp;dlg;rc2;rct;bin;rgs;gif;jpg;jpeg;jpe;resx;tiff;tif;png;wav;mfcribbon-ms</Extensions>
    </Filter>
  </ItemGroup>
  <ItemGroup>
    <ClInclude Include="IECSymbolFactory.hpp">
      <Filter>Header Files</Filter>
    </ClInclude>
    <ClInclude Include="IECType.hpp">
      <Filter>Header Files</Filter>
    </ClInclude>
    <ClInclude Include="IECVariable.hpp">
      <Filter>Header Files</Filter>
    </ClInclude>
    <ClInclude Include="JavaSymbolFactory.hpp">
      <Filter>Header Files</Filter>
    </ClInclude>
    <ClInclude Include="JavaType.hpp">
      <Filter>Header Files</Filter>
    </ClInclude>
    <ClInclude Include="JavaVariable.hpp">
      <Filter>Header Files</Filter>
    </ClInclude>
    <ClInclude Include="ISymbolFactory.hpp">
      <Filter>Header Files</Filter>
    </ClInclude>
    <ClInclude Include="SymbolParser.hpp">
      <Filter>Header Files</Filter>
    </ClInclude>
    <ClInclude Include="Test.hpp">
      <Filter>Header Files</Filter>
    </ClInclude>
    <ClInclude Include="Object.h">
      <Filter>Header Files</Filter>
    </ClInclude>
    <ClInclude Include="Variable.hpp">
      <Filter>Header Files</Filter>
    </ClInclude>
    <ClInclude Include="Type.hpp">
      <Filter>Header Files</Filter>
    </ClInclude>
    <ClInclude Include="SingetonBase.hpp">
      <Filter>Header Files</Filter>
    </ClInclude>
  </ItemGroup>
  <ItemGroup>
    <ClCompile Include="IECType.cpp">
      <Filter>Source Files</Filter>
    </ClCompile>
    <ClCompile Include="IECVariable.cpp">
      <Filter>Source Files</Filter>
    </ClCompile>
    <ClCompile Include="JavaSymbolFactory.cpp">
      <Filter>Source Files</Filter>
    </ClCompile>
    <ClCompile Include="JavaType.cpp">
      <Filter>Source Files</Filter>
    </ClCompile>
    <ClCompile Include="JavaVariable.cpp">
      <Filter>Source Files</Filter>
    </ClCompile>
    <ClCompile Include="Main.cpp">
      <Filter>Source Files</Filter>
    </ClCompile>
    <ClCompile Include="SymbolParser.cpp">
      <Filter>Source Files</Filter>
    </ClCompile>
    <ClCompile Include="Type.cpp">
      <Filter>Source Files</Filter>
    </ClCompile>
    <ClCompile Include="Variable.cpp">
      <Filter>Source Files</Filter>
    </ClCompile>
    <ClCompile Include="IECSymbolFactory.cpp">
      <Filter>Source Files</Filter>
    </ClCompile>
  </ItemGroup>
</Project>