
Microsoft Visual Studio Solution File, Format Version 12.00
# Visual Studio Version 17
VisualStudioVersion = 17.14.36616.10 d17.14
MinimumVisualStudioVersion = 10.0.40219.1
Project("{8BC9CEB8-8B4A-11D0-8D11-00A0C91BC942}") = "Lernen", "..\..\Lernen\VS\Lernen\Lernen.vcxproj", "{4CD6696C-9754-4938-8714-AEB4699C224E}"
EndProject
Global
	GlobalSection(SolutionConfigurationPlatforms) = preSolution
		Debug|x64 = Debug|x64
		Debug|x86 = Debug|x86
		Release|x64 = Release|x64
		Release|x86 = Release|x86
	EndGlobalSection
	GlobalSection(ProjectConfigurationPlatforms) = postSolution
		{4CD6696C-9754-4938-8714-AEB4699C224E}.Debug|x64.ActiveCfg = Debug|x64
		{4CD6696C-9754-4938-8714-AEB4699C224E}.Debug|x64.Build.0 = Debug|x64
		{4CD6696C-9754-4938-8714-AEB4699C224E}.Debug|x86.ActiveCfg = Debug|Win32
		{4CD6696C-9754-4938-8714-AEB4699C224E}.Debug|x86.Build.0 = Debug|Win32
		{4CD6696C-9754-4938-8714-AEB4699C224E}.Release|x64.ActiveCfg = Release|x64
		{4CD6696C-9754-4938-8714-AEB4699C224E}.Release|x64.Build.0 = Release|x64
		{4CD6696C-9754-4938-8714-AEB4699C224E}.Release|x86.ActiveCfg = Release|Win32
		{4CD6696C-9754-4938-8714-AEB4699C224E}.Release|x86.Build.0 = Release|Win32
	EndGlobalSection
	GlobalSection(SolutionProperties) = preSolution
		HideSolutionNode = FALSE
	EndGlobalSection
	GlobalSection(ExtensibilityGlobals) = postSolution
		SolutionGuid = {20B266B2-9272-4ABE-9524-53D56BDD13A4}
	EndGlobalSection
EndGlobal
